Microsoft Visual Studio Solution File, Format Version 12.00
# Visual Studio 15
VisualStudioVersion = 15.0.26730.15
MinimumVisualStudioVersion = 14.0.23107.0
Project("{2150E333-8FDC-42A3-9474-1A3956D46DE8}") = "EndlessVoxelExample", "EndlessVoxelExample", "{5B64666E-8F5D-4EC6-B4D2-F0247CE4B224}"
	ProjectSection(SiliconStudioPackage) = preProject
		EndlessVoxelExample/EndlessVoxelExample.xkpkg = EndlessVoxelExample/EndlessVoxelExample.xkpkg
	EndProjectSection
EndProject
Project("{FAE04EC0-301F-11D3-BF4B-00C04F79EFBC}") = "EndlessVoxelExample.Windows", "EndlessVoxelExample\EndlessVoxelExample.Windows\EndlessVoxelExample.Windows.csproj", "{A30657C1-89A1-4472-92AC-6EF153102ED0}"
EndProject
Project("{FAE04EC0-301F-11D3-BF4B-00C04F79EFBC}") = "EndlessVoxelExample.Game", "EndlessVoxelExample\EndlessVoxelExample.Game\EndlessVoxelExample.Game.csproj", "{6807D261-4AF2-405C-8EBF-D8A0B08C7801}"
EndProject
Global
	GlobalSection(SolutionConfigurationPlatforms) = preSolution
		AppStore|Any CPU = AppStore|Any CPU
		AppStore|Mixed Platforms = AppStore|Mixed Platforms
		AppStore|Windows = AppStore|Windows
		CoreCLR_Debug|Any CPU = CoreCLR_Debug|Any CPU
		CoreCLR_Debug|Mixed Platforms = CoreCLR_Debug|Mixed Platforms
		CoreCLR_Debug|Windows = CoreCLR_Debug|Windows
		CoreCLR_Release|Any CPU = CoreCLR_Release|Any CPU
		CoreCLR_Release|Mixed Platforms = CoreCLR_Release|Mixed Platforms
		CoreCLR_Release|Windows = CoreCLR_Release|Windows
		Debug|Any CPU = Debug|Any CPU
		Debug|Mixed Platforms = Debug|Mixed Platforms
		Debug|Windows = Debug|Windows
		Release|Any CPU = Release|Any CPU
		Release|Mixed Platforms = Release|Mixed Platforms
		Release|Windows = Release|Windows
		Testing|Any CPU = Testing|Any CPU
		Testing|Mixed Platforms = Testing|Mixed Platforms
		Testing|Windows = Testing|Windows
	EndGlobalSection
	GlobalSection(ProjectConfigurationPlatforms) = postSolution
		{A30657C1-89A1-4472-92AC-6EF153102ED0}.AppStore|Any CPU.ActiveCfg = AppStore|Any CPU
		{A30657C1-89A1-4472-92AC-6EF153102ED0}.AppStore|Any CPU.Build.0 = AppStore|Any CPU
		{A30657C1-89A1-4472-92AC-6EF153102ED0}.AppStore|Any CPU.Deploy.0 = AppStore|Any CPU
		{A30657C1-89A1-4472-92AC-6EF153102ED0}.AppStore|Mixed Platforms.ActiveCfg = AppStore|Any CPU
		{A30657C1-89A1-4472-92AC-6EF153102ED0}.AppStore|Mixed Platforms.Build.0 = AppStore|Any CPU
		{A30657C1-89A1-4472-92AC-6EF153102ED0}.AppStore|Mixed Platforms.Deploy.0 = AppStore|Any CPU
		{A30657C1-89A1-4472-92AC-6EF153102ED0}.AppStore|Windows.ActiveCfg = AppStore|Any CPU
		{A30657C1-89A1-4472-92AC-6EF153102ED0}.AppStore|Windows.Build.0 = AppStore|Any CPU
		{A30657C1-89A1-4472-92AC-6EF153102ED0}.AppStore|Windows.Deploy.0 = AppStore|Any CPU
		{A30657C1-89A1-4472-92AC-6EF153102ED0}.CoreCLR_Debug|Any CPU.ActiveCfg = CoreCLR_Debug|Any CPU
		{A30657C1-89A1-4472-92AC-6EF153102ED0}.CoreCLR_Debug|Any CPU.Build.0 = CoreCLR_Debug|Any CPU
		{A30657C1-89A1-4472-92AC-6EF153102ED0}.CoreCLR_Debug|Any CPU.Deploy.0 = CoreCLR_Debug|Any CPU
		{A30657C1-89A1-4472-92AC-6EF153102ED0}.CoreCLR_Debug|Mixed Platforms.ActiveCfg = CoreCLR_Debug|Any CPU
		{A30657C1-89A1-4472-92AC-6EF153102ED0}.CoreCLR_Debug|Mixed Platforms.Build.0 = CoreCLR_Debug|Any CPU
		{A30657C1-89A1-4472-92AC-6EF153102ED0}.CoreCLR_Debug|Mixed Platforms.Deploy.0 = CoreCLR_Debug|Any CPU
		{A30657C1-89A1-4472-92AC-6EF153102ED0}.CoreCLR_Debug|Windows.ActiveCfg = CoreCLR_Debug|Any CPU
		{A30657C1-89A1-4472-92AC-6EF153102ED0}.CoreCLR_Debug|Windows.Build.0 = CoreCLR_Debug|Any CPU
		{A30657C1-89A1-4472-92AC-6EF153102ED0}.CoreCLR_Debug|Windows.Deploy.0 = CoreCLR_Debug|Any CPU
		{A30657C1-89A1-4472-92AC-6EF153102ED0}.CoreCLR_Release|Any CPU.ActiveCfg = CoreCLR_Release|Any CPU
		{A30657C1-89A1-4472-92AC-6EF153102ED0}.CoreCLR_Release|Any CPU.Build.0 = CoreCLR_Release|Any CPU
		{A30657C1-89A1-4472-92AC-6EF153102ED0}.CoreCLR_Release|Any CPU.Deploy.0 = CoreCLR_Release|Any CPU
		{A30657C1-89A1-4472-92AC-6EF153102ED0}.CoreCLR_Release|Mixed Platforms.ActiveCfg = CoreCLR_Release|Any CPU
		{A30657C1-89A1-4472-92AC-6EF153102ED0}.CoreCLR_Release|Mixed Platforms.Build.0 = CoreCLR_Release|Any CPU
		{A30657C1-89A1-4472-92AC-6EF153102ED0}.CoreCLR_Release|Mixed Platforms.Deploy.0 = CoreCLR_Release|Any CPU
		{A30657C1-89A1-4472-92AC-6EF153102ED0}.CoreCLR_Release|Windows.ActiveCfg = CoreCLR_Release|Any CPU
		{A30657C1-89A1-4472-92AC-6EF153102ED0}.CoreCLR_Release|Windows.Build.0 = CoreCLR_Release|Any CPU
		{A30657C1-89A1-4472-92AC-6EF153102ED0}.CoreCLR_Release|Windows.Deploy.0 = CoreCLR_Release|Any CPU
		{A30657C1-89A1-4472-92AC-6EF153102ED0}.Debug|Any CPU.ActiveCfg = Debug|Any CPU
		{A30657C1-89A1-4472-92AC-6EF153102ED0}.Debug|Any CPU.Build.0 = Debug|Any CPU
		{A30657C1-89A1-4472-92AC-6EF153102ED0}.Debug|Any CPU.Deploy.0 = Debug|Any CPU
		{A30657C1-89A1-4472-92AC-6EF153102ED0}.Debug|Mixed Platforms.ActiveCfg = Debug|Any CPU
		{A30657C1-89A1-4472-92AC-6EF153102ED0}.Debug|Mixed Platforms.Build.0 = Debug|Any CPU
		{A30657C1-89A1-4472-92AC-6EF153102ED0}.Debug|Mixed Platforms.Deploy.0 = Debug|Any CPU
		{A30657C1-89A1-4472-92AC-6EF153102ED0}.Debug|Windows.ActiveCfg = Debug|Any CPU
		{A30657C1-89A1-4472-92AC-6EF153102ED0}.Debug|Windows.Build.0 = Debug|Any CPU
		{A30657C1-89A1-4472-92AC-6EF153102ED0}.Debug|Windows.Deploy.0 = Debug|Any CPU
		{A30657C1-89A1-4472-92AC-6EF153102ED0}.Release|Any CPU.ActiveCfg = Release|Any CPU
		{A30657C1-89A1-4472-92AC-6EF153102ED0}.Release|Any CPU.Build.0 = Release|Any CPU
		{A30657C1-89A1-4472-92AC-6EF153102ED0}.Release|Any CPU.Deploy.0 = Release|Any CPU
		{A30657C1-89A1-4472-92AC-6EF153102ED0}.Release|Mixed Platforms.ActiveCfg = Release|Any CPU
		{A30657C1-89A1-4472-92AC-6EF153102ED0}.Release|Mixed Platforms.Build.0 = Release|Any CPU
		{A30657C1-89A1-4472-92AC-6EF153102ED0}.Release|Mixed Platforms.Deploy.0 = Release|Any CPU
		{A30657C1-89A1-4472-92AC-6EF153102ED0}.Release|Windows.ActiveCfg = Release|Any CPU
		{A30657C1-89A1-4472-92AC-6EF153102ED0}.Release|Windows.Build.0 = Release|Any CPU
		{A30657C1-89A1-4472-92AC-6EF153102ED0}.Release|Windows.Deploy.0 = Release|Any CPU
		{A30657C1-89A1-4472-92AC-6EF153102ED0}.Testing|Any CPU.ActiveCfg = Testing|Any CPU
		{A30657C1-89A1-4472-92AC-6EF153102ED0}.Testing|Any CPU.Build.0 = Testing|Any CPU
		{A30657C1-89A1-4472-92AC-6EF153102ED0}.Testing|Any CPU.Deploy.0 = Testing|Any CPU
		{A30657C1-89A1-4472-92AC-6EF153102ED0}.Testing|Mixed Platforms.ActiveCfg = Testing|Any CPU
		{A30657C1-89A1-4472-92AC-6EF153102ED0}.Testing|Mixed Platforms.Build.0 = Testing|Any CPU
		{A30657C1-89A1-4472-92AC-6EF153102ED0}.Testing|Mixed Platforms.Deploy.0 = Testing|Any CPU
		{A30657C1-89A1-4472-92AC-6EF153102ED0}.Testing|Windows.ActiveCfg = Testing|Any CPU
		{A30657C1-89A1-4472-92AC-6EF153102ED0}.Testing|Windows.Build.0 = Testing|Any CPU
		{A30657C1-89A1-4472-92AC-6EF153102ED0}.Testing|Windows.Deploy.0 = Testing|Any CPU
		{6807D261-4AF2-405C-8EBF-D8A0B08C7801}.AppStore|Any CPU.ActiveCfg = AppStore|Any CPU
		{6807D261-4AF2-405C-8EBF-D8A0B08C7801}.AppStore|Any CPU.Build.0 = AppStore|Any CPU
		{6807D261-4AF2-405C-8EBF-D8A0B08C7801}.AppStore|Mixed Platforms.ActiveCfg = AppStore|Any CPU
		{6807D261-4AF2-405C-8EBF-D8A0B08C7801}.AppStore|Mixed Platforms.Build.0 = AppStore|Any CPU
		{6807D261-4AF2-405C-8EBF-D8A0B08C7801}.AppStore|Windows.ActiveCfg = AppStore|Any CPU
		{6807D261-4AF2-405C-8EBF-D8A0B08C7801}.AppStore|Windows.Build.0 = AppStore|Any CPU
		{6807D261-4AF2-405C-8EBF-D8A0B08C7801}.CoreCLR_Debug|Any CPU.ActiveCfg = CoreCLR_Debug|Any CPU
		{6807D261-4AF2-405C-8EBF-D8A0B08C7801}.CoreCLR_Debug|Any CPU.Build.0 = CoreCLR_Debug|Any CPU
		{6807D261-4AF2-405C-8EBF-D8A0B08C7801}.CoreCLR_Debug|Mixed Platforms.ActiveCfg = CoreCLR_Debug|Any CPU
		{6807D261-4AF2-405C-8EBF-D8A0B08C7801}.CoreCLR_Debug|Mixed Platforms.Build.0 = CoreCLR_Debug|Any CPU
		{6807D261-4AF2-405C-8EBF-D8A0B08C7801}.CoreCLR_Debug|Windows.ActiveCfg = CoreCLR_Debug|Any CPU
		{6807D261-4AF2-405C-8EBF-D8A0B08C7801}.CoreCLR_Debug|Windows.Build.0 = CoreCLR_Debug|Any CPU
		{6807D261-4AF2-405C-8EBF-D8A0B08C7801}.CoreCLR_Release|Any CPU.ActiveCfg = CoreCLR_Release|Any CPU
		{6807D261-4AF2-405C-8EBF-D8A0B08C7801}.CoreCLR_Release|Any CPU.Build.0 = CoreCLR_Release|Any CPU
		{6807D261-4AF2-405C-8EBF-D8A0B08C7801}.CoreCLR_Release|Mixed Platforms.ActiveCfg = CoreCLR_Release|Any CPU
		{6807D261-4AF2-405C-8EBF-D8A0B08C7801}.CoreCLR_Release|Mixed Platforms.Build.0 = CoreCLR_Release|Any CPU
		{6807D261-4AF2-405C-8EBF-D8A0B08C7801}.CoreCLR_Release|Windows.ActiveCfg = CoreCLR_Release|Any CPU
		{6807D261-4AF2-405C-8EBF-D8A0B08C7801}.CoreCLR_Release|Windows.Build.0 = CoreCLR_Release|Any CPU
		{6807D261-4AF2-405C-8EBF-D8A0B08C7801}.Debug|Any CPU.ActiveCfg = Debug|Any CPU
		{6807D261-4AF2-405C-8EBF-D8A0B08C7801}.Debug|Any CPU.Build.0 = Debug|Any CPU
		{6807D261-4AF2-405C-8EBF-D8A0B08C7801}.Debug|Mixed Platforms.ActiveCfg = Debug|Any CPU
		{6807D261-4AF2-405C-8EBF-D8A0B08C7801}.Debug|Mixed Platforms.Build.0 = Debug|Any CPU
		{6807D261-4AF2-405C-8EBF-D8A0B08C7801}.Debug|Windows.ActiveCfg = Debug|Any CPU
		{6807D261-4AF2-405C-8EBF-D8A0B08C7801}.Debug|Windows.Build.0 = Debug|Any CPU
		{6807D261-4AF2-405C-8EBF-D8A0B08C7801}.Release|Any CPU.ActiveCfg = Release|Any CPU
		{6807D261-4AF2-405C-8EBF-D8A0B08C7801}.Release|Any CPU.Build.0 = Release|Any CPU
		{6807D261-4AF2-405C-8EBF-D8A0B08C7801}.Release|Mixed Platforms.ActiveCfg = Release|Any CPU
		{6807D261-4AF2-405C-8EBF-D8A0B08C7801}.Release|Mixed Platforms.Build.0 = Release|Any CPU
		{6807D261-4AF2-405C-8EBF-D8A0B08C7801}.Release|Windows.ActiveCfg = Release|Any CPU
		{6807D261-4AF2-405C-8EBF-D8A0B08C7801}.Release|Windows.Build.0 = Release|Any CPU
		{6807D261-4AF2-405C-8EBF-D8A0B08C7801}.Testing|Any CPU.ActiveCfg = Testing|Any CPU
		{6807D261-4AF2-405C-8EBF-D8A0B08C7801}.Testing|Any CPU.Build.0 = Testing|Any CPU
		{6807D261-4AF2-405C-8EBF-D8A0B08C7801}.Testing|Mixed Platforms.ActiveCfg = Testing|Any CPU
		{6807D261-4AF2-405C-8EBF-D8A0B08C7801}.Testing|Mixed Platforms.Build.0 = Testing|Any CPU
		{6807D261-4AF2-405C-8EBF-D8A0B08C7801}.Testing|Windows.ActiveCfg = Testing|Any CPU
		{6807D261-4AF2-405C-8EBF-D8A0B08C7801}.Testing|Windows.Build.0 = Testing|Any CPU
	EndGlobalSection
	GlobalSection(SolutionProperties) = preSolution
		HideSolutionNode = FALSE
	EndGlobalSection
	GlobalSection(NestedProjects) = preSolution
		{A30657C1-89A1-4472-92AC-6EF153102ED0} = {5B64666E-8F5D-4EC6-B4D2-F0247CE4B224}
		{6807D261-4AF2-405C-8EBF-D8A0B08C7801} = {5B64666E-8F5D-4EC6-B4D2-F0247CE4B224}
	EndGlobalSection
	GlobalSection(ExtensibilityGlobals) = postSolution
		SolutionGuid = {075673C3-72DA-4510-9F54-73C3394D0DC3}
	EndGlobalSection
EndGlobal
