
Microsoft Visual Studio Solution File, Format Version 12.00
# Visual Studio 15
VisualStudioVersion = 15.0.26730.15
MinimumVisualStudioVersion = 14.0.23107.0
Project("{2150E333-8FDC-42A3-9474-1A3956D46DE8}") = "Minecrafty", "Minecrafty", "{F68EBD17-676F-4ABD-BB16-A6B19F2379F4}"
	ProjectSection(SiliconStudioPackage) = preProject
		Minecrafty/Minecrafty.xkpkg = Minecrafty/Minecrafty.xkpkg
	EndProjectSection
EndProject
Project("{FAE04EC0-301F-11D3-BF4B-00C04F79EFBC}") = "Minecrafty.Windows", "Minecrafty\Minecrafty.Windows\Minecrafty.Windows.csproj", "{02665BCB-3E73-49B2-8D58-2DA76325536F}"
EndProject
Project("{FAE04EC0-301F-11D3-BF4B-00C04F79EFBC}") = "Minecrafty.Game", "Minecrafty\Minecrafty.Game\Minecrafty.Game.csproj", "{6807D261-4AF2-405C-8EBF-D8A0B08C7801}"
EndProject
Project("{FAE04EC0-301F-11D3-BF4B-00C04F79EFBC}") = "Minecrafty.Game", "Minecrafty\Minecrafty.Game\Minecrafty.Game.csproj", "{4D5A7F67-9149-42D7-B249-5A8B16A6A6FF}"
EndProject
Global
	GlobalSection(SolutionConfigurationPlatforms) = preSolution
		AppStore|Any CPU = AppStore|Any CPU
		AppStore|Mixed Platforms = AppStore|Mixed Platforms
		AppStore|Windows = AppStore|Windows
		CoreCLR_Debug|Any CPU = CoreCLR_Debug|Any CPU
		CoreCLR_Debug|Mixed Platforms = CoreCLR_Debug|Mixed Platforms
		CoreCLR_Debug|Windows = CoreCLR_Debug|Windows
		CoreCLR_Release|Any CPU = CoreCLR_Release|Any CPU
		CoreCLR_Release|Mixed Platforms = CoreCLR_Release|Mixed Platforms
		CoreCLR_Release|Windows = CoreCLR_Release|Windows
		Debug|Any CPU = Debug|Any CPU
		Debug|Mixed Platforms = Debug|Mixed Platforms
		Debug|Windows = Debug|Windows
		Release|Any CPU = Release|Any CPU
		Release|Mixed Platforms = Release|Mixed Platforms
		Release|Windows = Release|Windows
		Testing|Any CPU = Testing|Any CPU
		Testing|Mixed Platforms = Testing|Mixed Platforms
		Testing|Windows = Testing|Windows
	EndGlobalSection
	GlobalSection(ProjectConfigurationPlatforms) = postSolution
		{02665BCB-3E73-49B2-8D58-2DA76325536F}.AppStore|Any CPU.ActiveCfg = AppStore|Any CPU
		{02665BCB-3E73-49B2-8D58-2DA76325536F}.AppStore|Any CPU.Build.0 = AppStore|Any CPU
		{02665BCB-3E73-49B2-8D58-2DA76325536F}.AppStore|Any CPU.Deploy.0 = AppStore|Any CPU
		{02665BCB-3E73-49B2-8D58-2DA76325536F}.AppStore|Mixed Platforms.ActiveCfg = AppStore|Any CPU
		{02665BCB-3E73-49B2-8D58-2DA76325536F}.AppStore|Mixed Platforms.Build.0 = AppStore|Any CPU
		{02665BCB-3E73-49B2-8D58-2DA76325536F}.AppStore|Mixed Platforms.Deploy.0 = AppStore|Any CPU
		{02665BCB-3E73-49B2-8D58-2DA76325536F}.AppStore|Windows.ActiveCfg = AppStore|Any CPU
		{02665BCB-3E73-49B2-8D58-2DA76325536F}.AppStore|Windows.Build.0 = AppStore|Any CPU
		{02665BCB-3E73-49B2-8D58-2DA76325536F}.AppStore|Windows.Deploy.0 = AppStore|Any CPU
		{02665BCB-3E73-49B2-8D58-2DA76325536F}.CoreCLR_Debug|Any CPU.ActiveCfg = CoreCLR_Debug|Any CPU
		{02665BCB-3E73-49B2-8D58-2DA76325536F}.CoreCLR_Debug|Any CPU.Build.0 = CoreCLR_Debug|Any CPU
		{02665BCB-3E73-49B2-8D58-2DA76325536F}.CoreCLR_Debug|Any CPU.Deploy.0 = CoreCLR_Debug|Any CPU
		{02665BCB-3E73-49B2-8D58-2DA76325536F}.CoreCLR_Debug|Mixed Platforms.ActiveCfg = CoreCLR_Debug|Any CPU
		{02665BCB-3E73-49B2-8D58-2DA76325536F}.CoreCLR_Debug|Mixed Platforms.Build.0 = CoreCLR_Debug|Any CPU
		{02665BCB-3E73-49B2-8D58-2DA76325536F}.CoreCLR_Debug|Mixed Platforms.Deploy.0 = CoreCLR_Debug|Any CPU
		{02665BCB-3E73-49B2-8D58-2DA76325536F}.CoreCLR_Debug|Windows.ActiveCfg = CoreCLR_Debug|Any CPU
		{02665BCB-3E73-49B2-8D58-2DA76325536F}.CoreCLR_Debug|Windows.Build.0 = CoreCLR_Debug|Any CPU
		{02665BCB-3E73-49B2-8D58-2DA76325536F}.CoreCLR_Debug|Windows.Deploy.0 = CoreCLR_Debug|Any CPU
		{02665BCB-3E73-49B2-8D58-2DA76325536F}.CoreCLR_Release|Any CPU.ActiveCfg = CoreCLR_Release|Any CPU
		{02665BCB-3E73-49B2-8D58-2DA76325536F}.CoreCLR_Release|Any CPU.Build.0 = CoreCLR_Release|Any CPU
		{02665BCB-3E73-49B2-8D58-2DA76325536F}.CoreCLR_Release|Any CPU.Deploy.0 = CoreCLR_Release|Any CPU
		{02665BCB-3E73-49B2-8D58-2DA76325536F}.CoreCLR_Release|Mixed Platforms.ActiveCfg = CoreCLR_Release|Any CPU
		{02665BCB-3E73-49B2-8D58-2DA76325536F}.CoreCLR_Release|Mixed Platforms.Build.0 = CoreCLR_Release|Any CPU
		{02665BCB-3E73-49B2-8D58-2DA76325536F}.CoreCLR_Release|Mixed Platforms.Deploy.0 = CoreCLR_Release|Any CPU
		{02665BCB-3E73-49B2-8D58-2DA76325536F}.CoreCLR_Release|Windows.ActiveCfg = CoreCLR_Release|Any CPU
		{02665BCB-3E73-49B2-8D58-2DA76325536F}.CoreCLR_Release|Windows.Build.0 = CoreCLR_Release|Any CPU
		{02665BCB-3E73-49B2-8D58-2DA76325536F}.CoreCLR_Release|Windows.Deploy.0 = CoreCLR_Release|Any CPU
		{02665BCB-3E73-49B2-8D58-2DA76325536F}.Debug|Any CPU.ActiveCfg = Debug|Any CPU
		{02665BCB-3E73-49B2-8D58-2DA76325536F}.Debug|Any CPU.Build.0 = Debug|Any CPU
		{02665BCB-3E73-49B2-8D58-2DA76325536F}.Debug|Any CPU.Deploy.0 = Debug|Any CPU
		{02665BCB-3E73-49B2-8D58-2DA76325536F}.Debug|Mixed Platforms.ActiveCfg = Debug|Any CPU
		{02665BCB-3E73-49B2-8D58-2DA76325536F}.Debug|Mixed Platforms.Build.0 = Debug|Any CPU
		{02665BCB-3E73-49B2-8D58-2DA76325536F}.Debug|Mixed Platforms.Deploy.0 = Debug|Any CPU
		{02665BCB-3E73-49B2-8D58-2DA76325536F}.Debug|Windows.ActiveCfg = Debug|Any CPU
		{02665BCB-3E73-49B2-8D58-2DA76325536F}.Debug|Windows.Build.0 = Debug|Any CPU
		{02665BCB-3E73-49B2-8D58-2DA76325536F}.Debug|Windows.Deploy.0 = Debug|Any CPU
		{02665BCB-3E73-49B2-8D58-2DA76325536F}.Release|Any CPU.ActiveCfg = Release|Any CPU
		{02665BCB-3E73-49B2-8D58-2DA76325536F}.Release|Any CPU.Build.0 = Release|Any CPU
		{02665BCB-3E73-49B2-8D58-2DA76325536F}.Release|Any CPU.Deploy.0 = Release|Any CPU
		{02665BCB-3E73-49B2-8D58-2DA76325536F}.Release|Mixed Platforms.ActiveCfg = Release|Any CPU
		{02665BCB-3E73-49B2-8D58-2DA76325536F}.Release|Mixed Platforms.Build.0 = Release|Any CPU
		{02665BCB-3E73-49B2-8D58-2DA76325536F}.Release|Mixed Platforms.Deploy.0 = Release|Any CPU
		{02665BCB-3E73-49B2-8D58-2DA76325536F}.Release|Windows.ActiveCfg = Release|Any CPU
		{02665BCB-3E73-49B2-8D58-2DA76325536F}.Release|Windows.Build.0 = Release|Any CPU
		{02665BCB-3E73-49B2-8D58-2DA76325536F}.Release|Windows.Deploy.0 = Release|Any CPU
		{02665BCB-3E73-49B2-8D58-2DA76325536F}.Testing|Any CPU.ActiveCfg = Testing|Any CPU
		{02665BCB-3E73-49B2-8D58-2DA76325536F}.Testing|Any CPU.Build.0 = Testing|Any CPU
		{02665BCB-3E73-49B2-8D58-2DA76325536F}.Testing|Any CPU.Deploy.0 = Testing|Any CPU
		{02665BCB-3E73-49B2-8D58-2DA76325536F}.Testing|Mixed Platforms.ActiveCfg = Testing|Any CPU
		{02665BCB-3E73-49B2-8D58-2DA76325536F}.Testing|Mixed Platforms.Build.0 = Testing|Any CPU
		{02665BCB-3E73-49B2-8D58-2DA76325536F}.Testing|Mixed Platforms.Deploy.0 = Testing|Any CPU
		{02665BCB-3E73-49B2-8D58-2DA76325536F}.Testing|Windows.ActiveCfg = Testing|Any CPU
		{02665BCB-3E73-49B2-8D58-2DA76325536F}.Testing|Windows.Build.0 = Testing|Any CPU
		{02665BCB-3E73-49B2-8D58-2DA76325536F}.Testing|Windows.Deploy.0 = Testing|Any CPU
		{6807D261-4AF2-405C-8EBF-D8A0B08C7801}.AppStore|Any CPU.ActiveCfg = AppStore|Any CPU
		{6807D261-4AF2-405C-8EBF-D8A0B08C7801}.AppStore|Any CPU.Build.0 = AppStore|Any CPU
		{6807D261-4AF2-405C-8EBF-D8A0B08C7801}.AppStore|Mixed Platforms.ActiveCfg = AppStore|Any CPU
		{6807D261-4AF2-405C-8EBF-D8A0B08C7801}.AppStore|Mixed Platforms.Build.0 = AppStore|Any CPU
		{6807D261-4AF2-405C-8EBF-D8A0B08C7801}.AppStore|Windows.ActiveCfg = AppStore|Any CPU
		{6807D261-4AF2-405C-8EBF-D8A0B08C7801}.AppStore|Windows.Build.0 = AppStore|Any CPU
		{6807D261-4AF2-405C-8EBF-D8A0B08C7801}.CoreCLR_Debug|Any CPU.ActiveCfg = CoreCLR_Debug|Any CPU
		{6807D261-4AF2-405C-8EBF-D8A0B08C7801}.CoreCLR_Debug|Any CPU.Build.0 = CoreCLR_Debug|Any CPU
		{6807D261-4AF2-405C-8EBF-D8A0B08C7801}.CoreCLR_Debug|Mixed Platforms.ActiveCfg = CoreCLR_Debug|Any CPU
		{6807D261-4AF2-405C-8EBF-D8A0B08C7801}.CoreCLR_Debug|Mixed Platforms.Build.0 = CoreCLR_Debug|Any CPU
		{6807D261-4AF2-405C-8EBF-D8A0B08C7801}.CoreCLR_Debug|Windows.ActiveCfg = CoreCLR_Debug|Any CPU
		{6807D261-4AF2-405C-8EBF-D8A0B08C7801}.CoreCLR_Debug|Windows.Build.0 = CoreCLR_Debug|Any CPU
		{6807D261-4AF2-405C-8EBF-D8A0B08C7801}.CoreCLR_Release|Any CPU.ActiveCfg = CoreCLR_Release|Any CPU
		{6807D261-4AF2-405C-8EBF-D8A0B08C7801}.CoreCLR_Release|Any CPU.Build.0 = CoreCLR_Release|Any CPU
		{6807D261-4AF2-405C-8EBF-D8A0B08C7801}.CoreCLR_Release|Mixed Platforms.ActiveCfg = CoreCLR_Release|Any CPU
		{6807D261-4AF2-405C-8EBF-D8A0B08C7801}.CoreCLR_Release|Mixed Platforms.Build.0 = CoreCLR_Release|Any CPU
		{6807D261-4AF2-405C-8EBF-D8A0B08C7801}.CoreCLR_Release|Windows.ActiveCfg = CoreCLR_Release|Any CPU
		{6807D261-4AF2-405C-8EBF-D8A0B08C7801}.CoreCLR_Release|Windows.Build.0 = CoreCLR_Release|Any CPU
		{6807D261-4AF2-405C-8EBF-D8A0B08C7801}.Debug|Any CPU.ActiveCfg = Debug|Any CPU
		{6807D261-4AF2-405C-8EBF-D8A0B08C7801}.Debug|Any CPU.Build.0 = Debug|Any CPU
		{6807D261-4AF2-405C-8EBF-D8A0B08C7801}.Debug|Mixed Platforms.ActiveCfg = Debug|Any CPU
		{6807D261-4AF2-405C-8EBF-D8A0B08C7801}.Debug|Mixed Platforms.Build.0 = Debug|Any CPU
		{6807D261-4AF2-405C-8EBF-D8A0B08C7801}.Debug|Windows.ActiveCfg = Debug|Any CPU
		{6807D261-4AF2-405C-8EBF-D8A0B08C7801}.Debug|Windows.Build.0 = Debug|Any CPU
		{6807D261-4AF2-405C-8EBF-D8A0B08C7801}.Release|Any CPU.ActiveCfg = Release|Any CPU
		{6807D261-4AF2-405C-8EBF-D8A0B08C7801}.Release|Any CPU.Build.0 = Release|Any CPU
		{6807D261-4AF2-405C-8EBF-D8A0B08C7801}.Release|Mixed Platforms.ActiveCfg = Release|Any CPU
		{6807D261-4AF2-405C-8EBF-D8A0B08C7801}.Release|Mixed Platforms.Build.0 = Release|Any CPU
		{6807D261-4AF2-405C-8EBF-D8A0B08C7801}.Release|Windows.ActiveCfg = Release|Any CPU
		{6807D261-4AF2-405C-8EBF-D8A0B08C7801}.Release|Windows.Build.0 = Release|Any CPU
		{6807D261-4AF2-405C-8EBF-D8A0B08C7801}.Testing|Any CPU.ActiveCfg = Testing|Any CPU
		{6807D261-4AF2-405C-8EBF-D8A0B08C7801}.Testing|Any CPU.Build.0 = Testing|Any CPU
		{6807D261-4AF2-405C-8EBF-D8A0B08C7801}.Testing|Mixed Platforms.ActiveCfg = Testing|Any CPU
		{6807D261-4AF2-405C-8EBF-D8A0B08C7801}.Testing|Mixed Platforms.Build.0 = Testing|Any CPU
		{6807D261-4AF2-405C-8EBF-D8A0B08C7801}.Testing|Windows.ActiveCfg = Testing|Any CPU
		{6807D261-4AF2-405C-8EBF-D8A0B08C7801}.Testing|Windows.Build.0 = Testing|Any CPU
		{4D5A7F67-9149-42D7-B249-5A8B16A6A6FF}.AppStore|Any CPU.ActiveCfg = AppStore|Any CPU
		{4D5A7F67-9149-42D7-B249-5A8B16A6A6FF}.AppStore|Any CPU.Build.0 = AppStore|Any CPU
		{4D5A7F67-9149-42D7-B249-5A8B16A6A6FF}.AppStore|Mixed Platforms.ActiveCfg = AppStore|Any CPU
		{4D5A7F67-9149-42D7-B249-5A8B16A6A6FF}.AppStore|Mixed Platforms.Build.0 = AppStore|Any CPU
		{4D5A7F67-9149-42D7-B249-5A8B16A6A6FF}.AppStore|Windows.ActiveCfg = AppStore|Any CPU
		{4D5A7F67-9149-42D7-B249-5A8B16A6A6FF}.AppStore|Windows.Build.0 = AppStore|Any CPU
		{4D5A7F67-9149-42D7-B249-5A8B16A6A6FF}.CoreCLR_Debug|Any CPU.ActiveCfg = CoreCLR_Debug|Any CPU
		{4D5A7F67-9149-42D7-B249-5A8B16A6A6FF}.CoreCLR_Debug|Any CPU.Build.0 = CoreCLR_Debug|Any CPU
		{4D5A7F67-9149-42D7-B249-5A8B16A6A6FF}.CoreCLR_Debug|Mixed Platforms.ActiveCfg = CoreCLR_Debug|Any CPU
		{4D5A7F67-9149-42D7-B249-5A8B16A6A6FF}.CoreCLR_Debug|Mixed Platforms.Build.0 = CoreCLR_Debug|Any CPU
		{4D5A7F67-9149-42D7-B249-5A8B16A6A6FF}.CoreCLR_Debug|Windows.ActiveCfg = CoreCLR_Debug|Any CPU
		{4D5A7F67-9149-42D7-B249-5A8B16A6A6FF}.CoreCLR_Debug|Windows.Build.0 = CoreCLR_Debug|Any CPU
		{4D5A7F67-9149-42D7-B249-5A8B16A6A6FF}.CoreCLR_Release|Any CPU.ActiveCfg = CoreCLR_Release|Any CPU
		{4D5A7F67-9149-42D7-B249-5A8B16A6A6FF}.CoreCLR_Release|Any CPU.Build.0 = CoreCLR_Release|Any CPU
		{4D5A7F67-9149-42D7-B249-5A8B16A6A6FF}.CoreCLR_Release|Mixed Platforms.ActiveCfg = CoreCLR_Release|Any CPU
		{4D5A7F67-9149-42D7-B249-5A8B16A6A6FF}.CoreCLR_Release|Mixed Platforms.Build.0 = CoreCLR_Release|Any CPU
		{4D5A7F67-9149-42D7-B249-5A8B16A6A6FF}.CoreCLR_Release|Windows.ActiveCfg = CoreCLR_Release|Any CPU
		{4D5A7F67-9149-42D7-B249-5A8B16A6A6FF}.CoreCLR_Release|Windows.Build.0 = CoreCLR_Release|Any CPU
		{4D5A7F67-9149-42D7-B249-5A8B16A6A6FF}.Debug|Any CPU.ActiveCfg = Debug|Any CPU
		{4D5A7F67-9149-42D7-B249-5A8B16A6A6FF}.Debug|Any CPU.Build.0 = Debug|Any CPU
		{4D5A7F67-9149-42D7-B249-5A8B16A6A6FF}.Debug|Mixed Platforms.ActiveCfg = Debug|Any CPU
		{4D5A7F67-9149-42D7-B249-5A8B16A6A6FF}.Debug|Mixed Platforms.Build.0 = Debug|Any CPU
		{4D5A7F67-9149-42D7-B249-5A8B16A6A6FF}.Debug|Windows.ActiveCfg = Debug|Any CPU
		{4D5A7F67-9149-42D7-B249-5A8B16A6A6FF}.Debug|Windows.Build.0 = Debug|Any CPU
		{4D5A7F67-9149-42D7-B249-5A8B16A6A6FF}.Release|Any CPU.ActiveCfg = Release|Any CPU
		{4D5A7F67-9149-42D7-B249-5A8B16A6A6FF}.Release|Any CPU.Build.0 = Release|Any CPU
		{4D5A7F67-9149-42D7-B249-5A8B16A6A6FF}.Release|Mixed Platforms.ActiveCfg = Release|Any CPU
		{4D5A7F67-9149-42D7-B249-5A8B16A6A6FF}.Release|Mixed Platforms.Build.0 = Release|Any CPU
		{4D5A7F67-9149-42D7-B249-5A8B16A6A6FF}.Release|Windows.ActiveCfg = Release|Any CPU
		{4D5A7F67-9149-42D7-B249-5A8B16A6A6FF}.Release|Windows.Build.0 = Release|Any CPU
		{4D5A7F67-9149-42D7-B249-5A8B16A6A6FF}.Testing|Any CPU.ActiveCfg = Testing|Any CPU
		{4D5A7F67-9149-42D7-B249-5A8B16A6A6FF}.Testing|Any CPU.Build.0 = Testing|Any CPU
		{4D5A7F67-9149-42D7-B249-5A8B16A6A6FF}.Testing|Mixed Platforms.ActiveCfg = Testing|Any CPU
		{4D5A7F67-9149-42D7-B249-5A8B16A6A6FF}.Testing|Mixed Platforms.Build.0 = Testing|Any CPU
		{4D5A7F67-9149-42D7-B249-5A8B16A6A6FF}.Testing|Windows.ActiveCfg = Testing|Any CPU
		{4D5A7F67-9149-42D7-B249-5A8B16A6A6FF}.Testing|Windows.Build.0 = Testing|Any CPU
	EndGlobalSection
	GlobalSection(SolutionProperties) = preSolution
		HideSolutionNode = FALSE
	EndGlobalSection
	GlobalSection(NestedProjects) = preSolution
		{02665BCB-3E73-49B2-8D58-2DA76325536F} = {F68EBD17-676F-4ABD-BB16-A6B19F2379F4}
		{6807D261-4AF2-405C-8EBF-D8A0B08C7801} = {F68EBD17-676F-4ABD-BB16-A6B19F2379F4}
		{4D5A7F67-9149-42D7-B249-5A8B16A6A6FF} = {F68EBD17-676F-4ABD-BB16-A6B19F2379F4}
	EndGlobalSection
	GlobalSection(ExtensibilityGlobals) = postSolution
		SolutionGuid = {34F2F30D-0D94-4229-9AFB-981A87CE17BE}
	EndGlobalSection
EndGlobal
